
Microsoft Visual Studio Solution File, Format Version 12.00
# Visual Studio Version 17
VisualStudioVersion = 17.11.35303.130
MinimumVisualStudioVersion = 10.0.40219.1
Project("{FAE04EC0-301F-11D3-BF4B-00C04F79EFBC}") = "TravellerReservation", "TravellerReservation\TravellerReservation.csproj", "{C234DFFC-2D2C-477B-B7C3-55E6DB5B027F}"
EndProject
Global
	GlobalSection(SolutionConfigurationPlatforms) = preSolution
		Debug|Any CPU = Debug|Any CPU
		Release|Any CPU = Release|Any CPU
	EndGlobalSection
	GlobalSection(ProjectConfigurationPlatforms) = postSolution
		{C234DFFC-2D2C-477B-B7C3-55E6DB5B027F}.Debug|Any CPU.ActiveCfg = Debug|Any CPU
		{C234DFFC-2D2C-477B-B7C3-55E6DB5B027F}.Debug|Any CPU.Build.0 = Debug|Any CPU
		{C234DFFC-2D2C-477B-B7C3-55E6DB5B027F}.Release|Any CPU.ActiveCfg = Release|Any CPU
		{C234DFFC-2D2C-477B-B7C3-55E6DB5B027F}.Release|Any CPU.Build.0 = Release|Any CPU
	EndGlobalSection
	GlobalSection(SolutionProperties) = preSolution
		HideSolutionNode = FALSE
	EndGlobalSection
	GlobalSection(ExtensibilityGlobals) = postSolution
		SolutionGuid = {F9DF370D-A099-4BE7-9656-C558BE4C7E97}
	EndGlobalSection
EndGlobal
